
Microsoft Visual Studio Solution File, Format Version 12.00
# Visual Studio Version 16
VisualStudioVersion = 16.0.32106.194
MinimumVisualStudioVersion = 10.0.40219.1
Project("{FAE04EC0-301F-11D3-BF4B-00C04F79EFBC}") = "C73", "C73\C73.csproj", "{298709BA-F92A-4E86-A38A-FCDD5B7C93CE}"
EndProject
Global
	GlobalSection(SolutionConfigurationPlatforms) = preSolution
		Debug|Any CPU = Debug|Any CPU
		Release|Any CPU = Release|Any CPU
	EndGlobalSection
	GlobalSection(ProjectConfigurationPlatforms) = postSolution
		{298709BA-F92A-4E86-A38A-FCDD5B7C93CE}.Debug|Any CPU.ActiveCfg = Debug|Any CPU
		{298709BA-F92A-4E86-A38A-FCDD5B7C93CE}.Debug|Any CPU.Build.0 = Debug|Any CPU
		{298709BA-F92A-4E86-A38A-FCDD5B7C93CE}.Release|Any CPU.ActiveCfg = Release|Any CPU
		{298709BA-F92A-4E86-A38A-FCDD5B7C93CE}.Release|Any CPU.Build.0 = Release|Any CPU
	EndGlobalSection
	GlobalSection(SolutionProperties) = preSolution
		HideSolutionNode = FALSE
	EndGlobalSection
	GlobalSection(ExtensibilityGlobals) = postSolution
		SolutionGuid = {A1B5D564-1C06-4356-9428-EA56170CC329}
	EndGlobalSection
EndGlobal
